<?xml version="1.0" encoding="utf-8"?>
<Project ToolsVersion="4.0" xmlns="http://schemas.microsoft.com/developer/msbuild/2003">
  <ItemGroup>
    <Filter Include="Source Files">
      <UniqueIdentifier>{4FC737F1-C7A5-4376-A066-2A32D752A2FF}</UniqueIdentifier>
      <Extensions>cpp;c;cc;cxx;def;odl;idl;hpj;bat;asm;asmx</Extensions>
    </Filter>
    <Filter Include="Header Files">
      <UniqueIdentifier>{93995380-89BD-4b04-88EB-625FBE52EBFB}</UniqueIdentifier>
      <Extensions>h;hh;hpp;hxx;hm;inl;inc;xsd</Extensions>
    </Filter>
    <Filter Include="Resource Files">
      <UniqueIdentifier>{67DA6AB6-F800-4c08-8B7A-83BB121AAD01}</UniqueIdentifier>
      <Extensions>rc;ico;cur;bmp;dlg;rc2;rct;bin;rgs;gif;jpg;jpeg;jpe;resx;tiff;tif;png;wav;mfcribbon-ms</Extensions>
    </Filter>
  </ItemGroup>
  <ItemGroup>
    <ClInclude Include="Utilities\Point3D.h">
      <Filter>Source Files</Filter>
    </ClInclude>
    <ClInclude Include="Utilities\Vector3D.h">
      <Filter>Source Files</Filter>
    </ClInclude>
    <ClInclude Include="Utilities\RGBColor.h">
      <Filter>Source Files</Filter>
    </ClInclude>
    <ClInclude Include="Geometric Objects\GeometricObject.h">
      <Filter>Source Files</Filter>
    </ClInclude>
    <ClInclude Include="Utilities\Constants.h">
      <Filter>Source Files</Filter>
    </ClInclude>
    <ClInclude Include="World\ViewPlane.h">
      <Filter>Source Files</Filter>
    </ClInclude>
    <ClInclude Include="World\World.h">
      <Filter>Source Files</Filter>
    </ClInclude>
    <ClInclude Include="Tracers\Tracer.h">
      <Filter>Source Files</Filter>
    </ClInclude>
    <ClInclude Include="Geometric Objects\Sphere.h">
      <Filter>Source Files</Filter>
    </ClInclude>
    <ClInclude Include="Utilities\Ray.h">
      <Filter>Source Files</Filter>
    </ClInclude>
    <ClInclude Include="Tracers\Project01Tracer.h">
      <Filter>Source Files</Filter>
    </ClInclude>
    <ClInclude Include="Utilities\ShadeRecord.h">
      <Filter>Source Files</Filter>
    </ClInclude>
    <ClInclude Include="Geometric Objects\Plane.h">
      <Filter>Source Files</Filter>
    </ClInclude>
    <ClInclude Include="Utilities\Normal.h">
      <Filter>Source Files</Filter>
    </ClInclude>
    <ClInclude Include="Sampler\Sampler.h">
      <Filter>Source Files</Filter>
    </ClInclude>
    <ClInclude Include="Utilities\Point2D.h">
      <Filter>Source Files</Filter>
    </ClInclude>
    <ClInclude Include="Sampler\RegularSampler.h">
      <Filter>Source Files</Filter>
    </ClInclude>
    <ClInclude Include="Sampler\JitteredSampler.h">
      <Filter>Source Files</Filter>
    </ClInclude>
    <ClInclude Include="Cameras\Camera.h">
      <Filter>Source Files</Filter>
    </ClInclude>
    <ClInclude Include="Cameras\Orthographic.h">
      <Filter>Source Files</Filter>
    </ClInclude>
    <ClInclude Include="Cameras\PinHole.h">
      <Filter>Source Files</Filter>
    </ClInclude>
    <ClInclude Include="Geometric Objects\Quadric.h">
      <Filter>Source Files</Filter>
    </ClInclude>
    <ClInclude Include="Geometric Objects\Cube.h">
      <Filter>Source Files</Filter>
    </ClInclude>
    <ClInclude Include="BRDF\BRDF.h">
      <Filter>Source Files</Filter>
    </ClInclude>
    <ClInclude Include="BRDF\Lambertian.h">
      <Filter>Source Files</Filter>
    </ClInclude>
    <ClInclude Include="Lights\Light.h">
      <Filter>Source Files</Filter>
    </ClInclude>
    <ClInclude Include="Lights\Ambient.h">
      <Filter>Source Files</Filter>
    </ClInclude>
    <ClInclude Include="Lights\PointLight.h">
      <Filter>Source Files</Filter>
    </ClInclude>
    <ClInclude Include="Materials\Material.h">
      <Filter>Source Files</Filter>
    </ClInclude>
    <ClInclude Include="Materials\Matte.h">
      <Filter>Source Files</Filter>
    </ClInclude>
    <ClInclude Include="Lights\DirectionalLight.h">
      <Filter>Source Files</Filter>
    </ClInclude>
    <ClInclude Include="BRDF\GlossySpecular.h">
      <Filter>Source Files</Filter>
    </ClInclude>
    <ClInclude Include="Materials\Phong.h">
      <Filter>Source Files</Filter>
    </ClInclude>
    <ClInclude Include="Lights\SpotLight.h">
      <Filter>Source Files</Filter>
    </ClInclude>
    <ClInclude Include="Images\Image.h">
      <Filter>Source Files</Filter>
    </ClInclude>
    <ClInclude Include="Textures\Texture.h">
      <Filter>Source Files</Filter>
    </ClInclude>
    <ClInclude Include="Textures\PlainTexture.h">
      <Filter>Source Files</Filter>
    </ClInclude>
    <ClInclude Include="BRDF\SVLambertian.h">
      <Filter>Source Files</Filter>
    </ClInclude>
    <ClInclude Include="Materials\SVMatte.h">
      <Filter>Source Files</Filter>
    </ClInclude>
    <ClInclude Include="Textures\ImageTexture.h">
      <Filter>Source Files</Filter>
    </ClInclude>
    <ClInclude Include="Textures\Mapping.h">
      <Filter>Source Files</Filter>
    </ClInclude>
    <ClInclude Include="Textures\SphericalMapping.h">
      <Filter>Source Files</Filter>
    </ClInclude>
    <ClInclude Include="Geometric Objects\Rectangle.h">
      <Filter>Source Files</Filter>
    </ClInclude>
    <ClInclude Include="Textures\RectangularMapping.h">
      <Filter>Source Files</Filter>
    </ClInclude>
    <ClInclude Include="Textures\FunctionMapping.h">
      <Filter>Source Files</Filter>
    </ClInclude>
    <ClInclude Include="Noise\LatticeNoise.h">
      <Filter>Source Files</Filter>
    </ClInclude>
    <ClInclude Include="Noise\CubicNoise.h">
      <Filter>Source Files</Filter>
    </ClInclude>
    <ClInclude Include="Textures\FBMTexture.h">
      <Filter>Source Files</Filter>
    </ClInclude>
    <ClInclude Include="Textures\TurbulenceTexture.h">
      <Filter>Source Files</Filter>
    </ClInclude>
    <ClInclude Include="Textures\ProjectionMapping.h">
      <Filter>Source Files</Filter>
    </ClInclude>
    <ClInclude Include="Textures\SolidTexMapping.h">
      <Filter>Source Files</Filter>
    </ClInclude>
    <ClInclude Include="Geometric Objects\BBox.h">
      <Filter>Header Files</Filter>
    </ClInclude>
    <ClInclude Include="Geometric Objects\Triangles\Triangle.h">
      <Filter>Source Files</Filter>
    </ClInclude>
    <ClInclude Include="Geometric Objects\Disk.h">
      <Filter>Source Files</Filter>
    </ClInclude>
    <ClInclude Include="Geometric Objects\OpenCylinder.h">
      <Filter>Source Files</Filter>
    </ClInclude>
    <ClInclude Include="Geometric Objects\CompoundObjects\CompoundObject.h">
      <Filter>Source Files</Filter>
    </ClInclude>
    <ClInclude Include="Geometric Objects\CompoundObjects\Grid.h">
      <Filter>Source Files</Filter>
    </ClInclude>
    <ClInclude Include="Geometric Objects\Triangles\Mesh.h">
      <Filter>Header Files</Filter>
    </ClInclude>
    <ClInclude Include="Geometric Objects\Triangles\MeshTriangle.h">
      <Filter>Source Files</Filter>
    </ClInclude>
    <ClInclude Include="Geometric Objects\Triangles\FlatMeshTriangle.h">
      <Filter>Source Files</Filter>
    </ClInclude>
    <ClInclude Include="Geometric Objects\CompoundObjects\ply.h">
      <Filter>Source Files</Filter>
    </ClInclude>
    <ClInclude Include="Tracers\WhittedTracer.h">
      <Filter>Source Files</Filter>
    </ClInclude>
    <ClInclude Include="BRDF\PerfectSpecular.h">
      <Filter>Source Files</Filter>
    </ClInclude>
    <ClInclude Include="Materials\Reflective.h">
      <Filter>Header Files</Filter>
    </ClInclude>
    <ClInclude Include="Textures\LightProbeMapping.h">
      <Filter>Source Files</Filter>
    </ClInclude>
    <ClInclude Include="BRDF\SVPerfectSpecular.h">
      <Filter>Source Files</Filter>
    </ClInclude>
    <ClInclude Include="Materials\SVReflective.h">
      <Filter>Source Files</Filter>
    </ClInclude>
    <ClInclude Include="Materials\Transparent.h">
      <Filter>Source Files</Filter>
    </ClInclude>
    <ClInclude Include="Materials\SVTransparent.h">
      <Filter>Source Files</Filter>
    </ClInclude>
    <ClInclude Include="Materials\SVTransparentEta.h">
      <Filter>Source Files</Filter>
    </ClInclude>
    <ClInclude Include="Cameras\DOFCamera.h">
      <Filter>Source Files</Filter>
    </ClInclude>
    <ClInclude Include="Lights\AmbientWithOccluder.h">
      <Filter>Source Files</Filter>
    </ClInclude>
    <ClInclude Include="Lights\SphericalAreaLight.h">
      <Filter>Source Files</Filter>
    </ClInclude>
    <ClInclude Include="Materials\GlossyReflective.h">
      <Filter>Source Files</Filter>
    </ClInclude>
    <ClInclude Include="Materials\Translucent.h">
      <Filter>Source Files</Filter>
    </ClInclude>
    <ClInclude Include="Cameras\StereoCamera.h">
      <Filter>Source Files</Filter>
    </ClInclude>
    <ClInclude Include="Cameras\PaintCamera.h">
      <Filter>Source Files</Filter>
    </ClInclude>
    <ClInclude Include="Lights\EnvironmentLight.h">
      <Filter>Source Files</Filter>
    </ClInclude>
    <ClInclude Include="Materials\Emissive.h">
      <Filter>Source Files</Filter>
    </ClInclude>
    <ClInclude Include="Geometric Objects\DomeSphere.h">
      <Filter>Source Files</Filter>
    </ClInclude>
    <ClInclude Include="Tracers\PathTracer.h">
      <Filter>Source Files</Filter>
    </ClInclude>
  </ItemGroup>
  <ItemGroup>
    <ClCompile Include="Utilities\Vector3D.cpp">
      <Filter>Source Files</Filter>
    </ClCompile>
    <ClCompile Include="Utilities\Point3D.cpp">
      <Filter>Source Files</Filter>
    </ClCompile>
    <ClCompile Include="Utilities\RgBColor.cpp">
      <Filter>Source Files</Filter>
    </ClCompile>
    <ClCompile Include="Geometric Objects\GeometricObject.cpp">
      <Filter>Source Files</Filter>
    </ClCompile>
    <ClCompile Include="World\ViewPlane.cpp">
      <Filter>Source Files</Filter>
    </ClCompile>
    <ClCompile Include="World\World.cpp">
      <Filter>Source Files</Filter>
    </ClCompile>
    <ClCompile Include="Tracers\Tracer.cpp">
      <Filter>Source Files</Filter>
    </ClCompile>
    <ClCompile Include="Geometric Objects\Sphere.cpp">
      <Filter>Source Files</Filter>
    </ClCompile>
    <ClCompile Include="Utilities\Ray.cpp">
      <Filter>Source Files</Filter>
    </ClCompile>
    <ClCompile Include="Tracers\Project01Tracer.cpp">
      <Filter>Source Files</Filter>
    </ClCompile>
    <ClCompile Include="Utilities\ShadeRecord.cpp">
      <Filter>Source Files</Filter>
    </ClCompile>
    <ClCompile Include="Geometric Objects\Plane.cpp">
      <Filter>Source Files</Filter>
    </ClCompile>
    <ClCompile Include="Utilities\Normal.cpp">
      <Filter>Source Files</Filter>
    </ClCompile>
    <ClCompile Include="Sampler\Sampler.cpp">
      <Filter>Source Files</Filter>
    </ClCompile>
    <ClCompile Include="Utilities\Point2D.cpp">
      <Filter>Source Files</Filter>
    </ClCompile>
    <ClCompile Include="Sampler\RegularSampler.cpp">
      <Filter>Source Files</Filter>
    </ClCompile>
    <ClCompile Include="Sampler\JitteredSampler.cpp">
      <Filter>Source Files</Filter>
    </ClCompile>
    <ClCompile Include="main.cpp">
      <Filter>Source Files</Filter>
    </ClCompile>
    <ClCompile Include="Cameras\Camera.cpp">
      <Filter>Source Files</Filter>
    </ClCompile>
    <ClCompile Include="Cameras\Orthographic.cpp">
      <Filter>Source Files</Filter>
    </ClCompile>
    <ClCompile Include="Cameras\PinHole.cpp">
      <Filter>Source Files</Filter>
    </ClCompile>
    <ClCompile Include="Geometric Objects\Quadric.cpp">
      <Filter>Source Files</Filter>
    </ClCompile>
    <ClCompile Include="Geometric Objects\Cube.cpp">
      <Filter>Source Files</Filter>
    </ClCompile>
    <ClCompile Include="BRDF\BRDF.cpp">
      <Filter>Source Files</Filter>
    </ClCompile>
    <ClCompile Include="BRDF\Lambertian.cpp">
      <Filter>Source Files</Filter>
    </ClCompile>
    <ClCompile Include="Lights\Light.cpp">
      <Filter>Source Files</Filter>
    </ClCompile>
    <ClCompile Include="Lights\Ambient.cpp">
      <Filter>Source Files</Filter>
    </ClCompile>
    <ClCompile Include="Lights\PointLight.cpp">
      <Filter>Source Files</Filter>
    </ClCompile>
    <ClCompile Include="Materials\Material.cpp">
      <Filter>Source Files</Filter>
    </ClCompile>
    <ClCompile Include="Materials\Matte.cpp">
      <Filter>Source Files</Filter>
    </ClCompile>
    <ClCompile Include="Lights\DirectionalLight.cpp">
      <Filter>Source Files</Filter>
    </ClCompile>
    <ClCompile Include="BRDF\GlossySpecular.cpp">
      <Filter>Source Files</Filter>
    </ClCompile>
    <ClCompile Include="Materials\Phong.cpp">
      <Filter>Source Files</Filter>
    </ClCompile>
    <ClCompile Include="Lights\SpotLight.cpp">
      <Filter>Source Files</Filter>
    </ClCompile>
    <ClCompile Include="Images\Image.cpp">
      <Filter>Source Files</Filter>
    </ClCompile>
    <ClCompile Include="Textures\Texture.cpp">
      <Filter>Source Files</Filter>
    </ClCompile>
    <ClCompile Include="Textures\PlainTexture.cpp">
      <Filter>Source Files</Filter>
    </ClCompile>
    <ClCompile Include="BRDF\SVLambertian.cpp">
      <Filter>Source Files</Filter>
    </ClCompile>
    <ClCompile Include="Materials\SVMatte.cpp">
      <Filter>Source Files</Filter>
    </ClCompile>
    <ClCompile Include="Textures\ImageTexture.cpp">
      <Filter>Source Files</Filter>
    </ClCompile>
    <ClCompile Include="Textures\Mapping.cpp">
      <Filter>Source Files</Filter>
    </ClCompile>
    <ClCompile Include="Textures\SphericalMapping.cpp">
      <Filter>Source Files</Filter>
    </ClCompile>
    <ClCompile Include="Geometric Objects\Rectangle.cpp">
      <Filter>Source Files</Filter>
    </ClCompile>
    <ClCompile Include="Textures\RectangularMapping.cpp">
      <Filter>Source Files</Filter>
    </ClCompile>
    <ClCompile Include="Textures\FunctionMapping.cpp">
      <Filter>Source Files</Filter>
    </ClCompile>
    <ClCompile Include="Noise\LatticeNoise.cpp">
      <Filter>Source Files</Filter>
    </ClCompile>
    <ClCompile Include="Noise\CubicNoise.cpp">
      <Filter>Source Files</Filter>
    </ClCompile>
    <ClCompile Include="Textures\FBMTexture.cpp">
      <Filter>Source Files</Filter>
    </ClCompile>
    <ClCompile Include="Textures\TurbulenceTexture.cpp">
      <Filter>Source Files</Filter>
    </ClCompile>
    <ClCompile Include="Textures\ProjectionMapping.cpp">
      <Filter>Source Files</Filter>
    </ClCompile>
    <ClCompile Include="Textures\SolidTexMapping.cpp">
      <Filter>Source Files</Filter>
    </ClCompile>
    <ClCompile Include="Geometric Objects\BBox.cpp">
      <Filter>Source Files</Filter>
    </ClCompile>
    <ClCompile Include="Geometric Objects\Triangles\Triangle.cpp">
      <Filter>Source Files</Filter>
    </ClCompile>
    <ClCompile Include="Geometric Objects\Disk.cpp">
      <Filter>Source Files</Filter>
    </ClCompile>
    <ClCompile Include="Geometric Objects\OpenCylinder.cpp">
      <Filter>Source Files</Filter>
    </ClCompile>
    <ClCompile Include="Geometric Objects\CompoundObjects\CompoundObject.cpp">
      <Filter>Source Files</Filter>
    </ClCompile>
    <ClCompile Include="Geometric Objects\CompoundObjects\Grid.cpp">
      <Filter>Source Files</Filter>
    </ClCompile>
    <ClCompile Include="Geometric Objects\Triangles\Mesh.cpp">
      <Filter>Source Files</Filter>
    </ClCompile>
    <ClCompile Include="Geometric Objects\Triangles\MeshTriangle.cpp">
      <Filter>Source Files</Filter>
    </ClCompile>
    <ClCompile Include="Geometric Objects\Triangles\FlatMeshTriangle.cpp">
      <Filter>Source Files</Filter>
    </ClCompile>
    <ClCompile Include="Geometric Objects\CompoundObjects\ply.c">
      <Filter>Source Files</Filter>
    </ClCompile>
    <ClCompile Include="Tracers\WhittedTracer.cpp">
      <Filter>Source Files</Filter>
    </ClCompile>
    <ClCompile Include="BRDF\PerfectSpecular.cpp">
      <Filter>Source Files</Filter>
    </ClCompile>
    <ClCompile Include="Materials\Reflective.cpp">
      <Filter>Source Files</Filter>
    </ClCompile>
    <ClCompile Include="Textures\LightProbeMapping.cpp">
      <Filter>Source Files</Filter>
    </ClCompile>
    <ClCompile Include="BRDF\SVPerfectSpecular.cpp">
      <Filter>Source Files</Filter>
    </ClCompile>
    <ClCompile Include="Materials\SVReflective.cpp">
      <Filter>Source Files</Filter>
    </ClCompile>
    <ClCompile Include="Materials\Transparent.cpp">
      <Filter>Source Files</Filter>
    </ClCompile>
    <ClCompile Include="Materials\SVTransparent.cpp">
      <Filter>Source Files</Filter>
    </ClCompile>
    <ClCompile Include="Materials\SVTransparentEta.cpp">
      <Filter>Source Files</Filter>
    </ClCompile>
    <ClCompile Include="Cameras\DOFCamera.cpp">
      <Filter>Source Files</Filter>
    </ClCompile>
    <ClCompile Include="Lights\AmbientWithOccluder.cpp">
      <Filter>Source Files</Filter>
    </ClCompile>
    <ClCompile Include="Lights\SphericalAreaLight.cpp">
      <Filter>Source Files</Filter>
    </ClCompile>
    <ClCompile Include="Materials\GlossyReflective.cpp">
      <Filter>Source Files</Filter>
    </ClCompile>
    <ClCompile Include="Materials\Translucent.cpp">
      <Filter>Source Files</Filter>
    </ClCompile>
    <ClCompile Include="Cameras\StereoCamera.cpp">
      <Filter>Source Files</Filter>
    </ClCompile>
    <ClCompile Include="Cameras\PaintCamera.cpp">
      <Filter>Source Files</Filter>
    </ClCompile>
    <ClCompile Include="Lights\EnvironmentLight.cpp">
      <Filter>Source Files</Filter>
    </ClCompile>
    <ClCompile Include="Materials\Emissive.cpp">
      <Filter>Source Files</Filter>
    </ClCompile>
    <ClCompile Include="Geometric Objects\DomeSphere.cpp">
      <Filter>Source Files</Filter>
    </ClCompile>
    <ClCompile Include="Tracers\PathTracer.cpp">
      <Filter>Source Files</Filter>
    </ClCompile>
  </ItemGroup>
</Project>